// !$*UTF8*$!
{
	archiveVersion = 1;
	classes = {
	};
	objectVersion = 48;
	objects = {

/* Begin PBXBuildFile section */
		81EF107A20859EC90060CD48 /* AppDelegate.swift in Sources */ = {isa = PBXBuildFile; fileRef = 81EF107920859EC90060CD48 /* AppDelegate.swift */; };
		81EF107C20859EC90060CD48 /* PageOneViewController.swift in Sources */ = {isa = PBXBuildFile; fileRef = 81EF107B20859EC90060CD48 /* PageOneViewController.swift */; };
		81EF107F20859EC90060CD48 /* Main.storyboard in Resources */ = {isa = PBXBuildFile; fileRef = 81EF107D20859EC90060CD48 /* Main.storyboard */; };
		81EF108120859EC90060CD48 /* Assets.xcassets in Resources */ = {isa = PBXBuildFile; fileRef = 81EF108020859EC90060CD48 /* Assets.xcassets */; };
		81EF108420859EC90060CD48 /* LaunchScreen.storyboard in Resources */ = {isa = PBXBuildFile; fileRef = 81EF108220859EC90060CD48 /* LaunchScreen.storyboard */; };
		81EF108F20859EC90060CD48 /* findPSFitTests.swift in Sources */ = {isa = PBXBuildFile; fileRef = 81EF108E20859EC90060CD48 /* findPSFitTests.swift */; };
		81EF109A20859EC90060CD48 /* findPSFitUITests.swift in Sources */ = {isa = PBXBuildFile; fileRef = 81EF109920859EC90060CD48 /* findPSFitUITests.swift */; };
		81EF10A82085A81A0060CD48 /* PageTwoViewController.swift in Sources */ = {isa = PBXBuildFile; fileRef = 81EF10A72085A81A0060CD48 /* PageTwoViewController.swift */; };
		81EF10AA2085B6640060CD48 /* PageThreeViewController.swift in Sources */ = {isa = PBXBuildFile; fileRef = 81EF10A92085B6640060CD48 /* PageThreeViewController.swift */; };
		81EF10AC2085B8F10060CD48 /* PageFourViewController.swift in Sources */ = {isa = PBXBuildFile; fileRef = 81EF10AB2085B8F10060CD48 /* PageFourViewController.swift */; };
		81EF10AE2085BD960060CD48 /* ClubCell.swift in Sources */ = {isa = PBXBuildFile; fileRef = 81EF10AD2085BD960060CD48 /* ClubCell.swift */; };
		81EF10B02085C80A0060CD48 /* PageFiveViewController.swift in Sources */ = {isa = PBXBuildFile; fileRef = 81EF10AF2085C80A0060CD48 /* PageFiveViewController.swift */; };
		81EF10B22085CBCB0060CD48 /* PageSixViewController.swift in Sources */ = {isa = PBXBuildFile; fileRef = 81EF10B12085CBCB0060CD48 /* PageSixViewController.swift */; };
		81EF10B42085CE7F0060CD48 /* PageSevenViewController.swift in Sources */ = {isa = PBXBuildFile; fileRef = 81EF10B32085CE7F0060CD48 /* PageSevenViewController.swift */; };
		81EF10B62085D2360060CD48 /* StudentCell.swift in Sources */ = {isa = PBXBuildFile; fileRef = 81EF10B52085D2360060CD48 /* StudentCell.swift */; };
		81EF10BA2085DA2A0060CD48 /* PageEightViewController.swift in Sources */ = {isa = PBXBuildFile; fileRef = 81EF10B92085DA2A0060CD48 /* PageEightViewController.swift */; };
		81EF10BC2085DCA50060CD48 /* PageTenViewController.swift in Sources */ = {isa = PBXBuildFile; fileRef = 81EF10BB2085DCA50060CD48 /* PageTenViewController.swift */; };
		81EF10BE2085DE3A0060CD48 /* PageElevenViewController.swift in Sources */ = {isa = PBXBuildFile; fileRef = 81EF10BD2085DE3A0060CD48 /* PageElevenViewController.swift */; };
		81EF10C12085E1920060CD48 /* PageTwelveViewController.swift in Sources */ = {isa = PBXBuildFile; fileRef = 81EF10C02085E1920060CD48 /* PageTwelveViewController.swift */; };
/* End PBXBuildFile section */

/* Begin PBXContainerItemProxy section */
		81EF108B20859EC90060CD48 /* PBXContainerItemProxy */ = {
			isa = PBXContainerItemProxy;
			containerPortal = 81EF106E20859EC90060CD48 /* Project object */;
			proxyType = 1;
			remoteGlobalIDString = 81EF107520859EC90060CD48;
			remoteInfo = findPSFit;
		};
		81EF109620859EC90060CD48 /* PBXContainerItemProxy */ = {
			isa = PBXContainerItemProxy;
			containerPortal = 81EF106E20859EC90060CD48 /* Project object */;
			proxyType = 1;
			remoteGlobalIDString = 81EF107520859EC90060CD48;
			remoteInfo = findPSFit;
		};
/* End PBXContainerItemProxy section */

/* Begin PBXFileReference section */
		81EF107620859EC90060CD48 /* findPSFit.app */ = {isa = PBXFileReference; explicitFileType = wrapper.application; includeInIndex = 0; path = findPSFit.app; sourceTree = BUILT_PRODUCTS_DIR; };
		81EF107920859EC90060CD48 /* AppDelegate.swift */ = {isa = PBXFileReference; lastKnownFileType = sourcecode.swift; path = AppDelegate.swift; sourceTree = "<group>"; };
		81EF107B20859EC90060CD48 /* PageOneViewController.swift */ = {isa = PBXFileReference; lastKnownFileType = sourcecode.swift; path = PageOneViewController.swift; sourceTree = "<group>"; };
		81EF107E20859EC90060CD48 /* Base */ = {isa = PBXFileReference; lastKnownFileType = file.storyboard; name = Base; path = Base.lproj/Main.storyboard; sourceTree = "<group>"; };
		81EF108020859EC90060CD48 /* Assets.xcassets */ = {isa = PBXFileReference; lastKnownFileType = folder.assetcatalog; path = Assets.xcassets; sourceTree = "<group>"; };
		81EF108320859EC90060CD48 /* Base */ = {isa = PBXFileReference; lastKnownFileType = file.storyboard; name = Base; path = Base.lproj/LaunchScreen.storyboard; sourceTree = "<group>"; };
		81EF108520859EC90060CD48 /* Info.plist */ = {isa = PBXFileReference; lastKnownFileType = text.plist.xml; path = Info.plist; sourceTree = "<group>"; };
		81EF108A20859EC90060CD48 /* findPSFitTests.xctest */ = {isa = PBXFileReference; explicitFileType = wrapper.cfbundle; includeInIndex = 0; path = findPSFitTests.xctest; sourceTree = BUILT_PRODUCTS_DIR; };
		81EF108E20859EC90060CD48 /* findPSFitTests.swift */ = {isa = PBXFileReference; lastKnownFileType = sourcecode.swift; path = findPSFitTests.swift; sourceTree = "<group>"; };
		81EF109020859EC90060CD48 /* Info.plist */ = {isa = PBXFileReference; lastKnownFileType = text.plist.xml; path = Info.plist; sourceTree = "<group>"; };
		81EF109520859EC90060CD48 /* findPSFitUITests.xctest */ = {isa = PBXFileReference; explicitFileType = wrapper.cfbundle; includeInIndex = 0; path = findPSFitUITests.xctest; sourceTree = BUILT_PRODUCTS_DIR; };
		81EF109920859EC90060CD48 /* findPSFitUITests.swift */ = {isa = PBXFileReference; lastKnownFileType = sourcecode.swift; path = findPSFitUITests.swift; sourceTree = "<group>"; };
		81EF109B20859EC90060CD48 /* Info.plist */ = {isa = PBXFileReference; lastKnownFileType = text.plist.xml; path = Info.plist; sourceTree = "<group>"; };
		81EF10A72085A81A0060CD48 /* PageTwoViewController.swift */ = {isa = PBXFileReference; lastKnownFileType = sourcecode.swift; path = PageTwoViewController.swift; sourceTree = "<group>"; };
		81EF10A92085B6640060CD48 /* PageThreeViewController.swift */ = {isa = PBXFileReference; lastKnownFileType = sourcecode.swift; path = PageThreeViewController.swift; sourceTree = "<group>"; };
		81EF10AB2085B8F10060CD48 /* PageFourViewController.swift */ = {isa = PBXFileReference; lastKnownFileType = sourcecode.swift; path = PageFourViewController.swift; sourceTree = "<group>"; };
		81EF10AD2085BD960060CD48 /* ClubCell.swift */ = {isa = PBXFileReference; lastKnownFileType = sourcecode.swift; path = ClubCell.swift; sourceTree = "<group>"; };
		81EF10AF2085C80A0060CD48 /* PageFiveViewController.swift */ = {isa = PBXFileReference; lastKnownFileType = sourcecode.swift; path = PageFiveViewController.swift; sourceTree = "<group>"; };
		81EF10B12085CBCB0060CD48 /* PageSixViewController.swift */ = {isa = PBXFileReference; lastKnownFileType = sourcecode.swift; path = PageSixViewController.swift; sourceTree = "<group>"; };
		81EF10B32085CE7F0060CD48 /* PageSevenViewController.swift */ = {isa = PBXFileReference; lastKnownFileType = sourcecode.swift; path = PageSevenViewController.swift; sourceTree = "<group>"; };
		81EF10B52085D2360060CD48 /* StudentCell.swift */ = {isa = PBXFileReference; lastKnownFileType = sourcecode.swift; path = StudentCell.swift; sourceTree = "<group>"; };
		81EF10B92085DA2A0060CD48 /* PageEightViewController.swift */ = {isa = PBXFileReference; lastKnownFileType = sourcecode.swift; path = PageEightViewController.swift; sourceTree = "<group>"; };
		81EF10BB2085DCA50060CD48 /* PageTenViewController.swift */ = {isa = PBXFileReference; lastKnownFileType = sourcecode.swift; path = PageTenViewController.swift; sourceTree = "<group>"; };
		81EF10BD2085DE3A0060CD48 /* PageElevenViewController.swift */ = {isa = PBXFileReference; lastKnownFileType = sourcecode.swift; path = PageElevenViewController.swift; sourceTree = "<group>"; };
		81EF10C02085E1920060CD48 /* PageTwelveViewController.swift */ = {isa = PBXFileReference; lastKnownFileType = sourcecode.swift; path = PageTwelveViewController.swift; sourceTree = "<group>"; };
/* End PBXFileReference section */

/* Begin PBXFrameworksBuildPhase section */
		81EF107320859EC90060CD48 /* Frameworks */ = {
			isa = PBXFrameworksBuildPhase;
			buildActionMask = 2147483647;
			files = (
			);
			runOnlyForDeploymentPostprocessing = 0;
		};
		81EF108720859EC90060CD48 /* Frameworks */ = {
			isa = PBXFrameworksBuildPhase;
			buildActionMask = 2147483647;
			files = (
			);
			runOnlyForDeploymentPostprocessing = 0;
		};
		81EF109220859EC90060CD48 /* Frameworks */ = {
			isa = PBXFrameworksBuildPhase;
			buildActionMask = 2147483647;
			files = (
			);
			runOnlyForDeploymentPostprocessing = 0;
		};
/* End PBXFrameworksBuildPhase section */

/* Begin PBXGroup section */
		81EF106D20859EC90060CD48 = {
			isa = PBXGroup;
			children = (
				81EF107820859EC90060CD48 /* findPSFit */,
				81EF108D20859EC90060CD48 /* findPSFitTests */,
				81EF109820859EC90060CD48 /* findPSFitUITests */,
				81EF107720859EC90060CD48 /* Products */,
			);
			sourceTree = "<group>";
		};
		81EF107720859EC90060CD48 /* Products */ = {
			isa = PBXGroup;
			children = (
				81EF107620859EC90060CD48 /* findPSFit.app */,
				81EF108A20859EC90060CD48 /* findPSFitTests.xctest */,
				81EF109520859EC90060CD48 /* findPSFitUITests.xctest */,
			);
			name = Products;
			sourceTree = "<group>";
		};
		81EF107820859EC90060CD48 /* findPSFit */ = {
			isa = PBXGroup;
			children = (
				81EF107920859EC90060CD48 /* AppDelegate.swift */,
				81EF107B20859EC90060CD48 /* PageOneViewController.swift */,
				81EF10A72085A81A0060CD48 /* PageTwoViewController.swift */,
				81EF10A92085B6640060CD48 /* PageThreeViewController.swift */,
				81EF107D20859EC90060CD48 /* Main.storyboard */,
				81EF10AB2085B8F10060CD48 /* PageFourViewController.swift */,
				81EF10AF2085C80A0060CD48 /* PageFiveViewController.swift */,
				81EF10B12085CBCB0060CD48 /* PageSixViewController.swift */,
				81EF10B32085CE7F0060CD48 /* PageSevenViewController.swift */,
				81EF10B92085DA2A0060CD48 /* PageEightViewController.swift */,
				81EF10BB2085DCA50060CD48 /* PageTenViewController.swift */,
				81EF10BD2085DE3A0060CD48 /* PageElevenViewController.swift */,
				81EF10C02085E1920060CD48 /* PageTwelveViewController.swift */,
				81EF108020859EC90060CD48 /* Assets.xcassets */,
				81EF10AD2085BD960060CD48 /* ClubCell.swift */,
				81EF10B52085D2360060CD48 /* StudentCell.swift */,
				81EF108220859EC90060CD48 /* LaunchScreen.storyboard */,
				81EF108520859EC90060CD48 /* Info.plist */,
			);
			path = findPSFit;
			sourceTree = "<group>";
		};
		81EF108D20859EC90060CD48 /* findPSFitTests */ = {
			isa = PBXGroup;
			children = (
				81EF108E20859EC90060CD48 /* findPSFitTests.swift */,
				81EF109020859EC90060CD48 /* Info.plist */,
			);
			path = findPSFitTests;
			sourceTree = "<group>";
		};
		81EF109820859EC90060CD48 /* findPSFitUITests */ = {
			isa = PBXGroup;
			children = (
				81EF109920859EC90060CD48 /* findPSFitUITests.swift */,
				81EF109B20859EC90060CD48 /* Info.plist */,
			);
			path = findPSFitUITests;
			sourceTree = "<group>";
		};
/* End PBXGroup section */

/* Begin PBXNativeTarget section */
		81EF107520859EC90060CD48 /* findPSFit */ = {
			isa = PBXNativeTarget;
			buildConfigurationList = 81EF109E20859EC90060CD48 /* Build configuration list for PBXNativeTarget "findPSFit" */;
			buildPhases = (
				81EF107220859EC90060CD48 /* Sources */,
				81EF107320859EC90060CD48 /* Frameworks */,
				81EF107420859EC90060CD48 /* Resources */,
			);
			buildRules = (
			);
			dependencies = (
			);
			name = findPSFit;
			productName = findPSFit;
			productReference = 81EF107620859EC90060CD48 /* findPSFit.app */;
			productType = "com.apple.product-type.application";
		};
		81EF108920859EC90060CD48 /* findPSFitTests */ = {
			isa = PBXNativeTarget;
			buildConfigurationList = 81EF10A120859EC90060CD48 /* Build configuration list for PBXNativeTarget "findPSFitTests" */;
			buildPhases = (
				81EF108620859EC90060CD48 /* Sources */,
				81EF108720859EC90060CD48 /* Frameworks */,
				81EF108820859EC90060CD48 /* Resources */,
			);
			buildRules = (
			);
			dependencies = (
				81EF108C20859EC90060CD48 /* PBXTargetDependency */,
			);
			name = findPSFitTests;
			productName = findPSFitTests;
			productReference = 81EF108A20859EC90060CD48 /* findPSFitTests.xctest */;
			productType = "com.apple.product-type.bundle.unit-test";
		};
		81EF109420859EC90060CD48 /* findPSFitUITests */ = {
			isa = PBXNativeTarget;
			buildConfigurationList = 81EF10A420859EC90060CD48 /* Build configuration list for PBXNativeTarget "findPSFitUITests" */;
			buildPhases = (
				81EF109120859EC90060CD48 /* Sources */,
				81EF109220859EC90060CD48 /* Frameworks */,
				81EF109320859EC90060CD48 /* Resources */,
			);
			buildRules = (
			);
			dependencies = (
				81EF109720859EC90060CD48 /* PBXTargetDependency */,
			);
			name = findPSFitUITests;
			productName = findPSFitUITests;
			productReference = 81EF109520859EC90060CD48 /* findPSFitUITests.xctest */;
			productType = "com.apple.product-type.bundle.ui-testing";
		};
/* End PBXNativeTarget section */

/* Begin PBXProject section */
		81EF106E20859EC90060CD48 /* Project object */ = {
			isa = PBXProject;
			attributes = {
				LastSwiftUpdateCheck = 0920;
				LastUpgradeCheck = 0920;
				ORGANIZATIONNAME = C4Q;
				TargetAttributes = {
					81EF107520859EC90060CD48 = {
						CreatedOnToolsVersion = 9.2;
						ProvisioningStyle = Automatic;
					};
					81EF108920859EC90060CD48 = {
						CreatedOnToolsVersion = 9.2;
						ProvisioningStyle = Automatic;
						TestTargetID = 81EF107520859EC90060CD48;
					};
					81EF109420859EC90060CD48 = {
						CreatedOnToolsVersion = 9.2;
						ProvisioningStyle = Automatic;
						TestTargetID = 81EF107520859EC90060CD48;
					};
				};
			};
			buildConfigurationList = 81EF107120859EC90060CD48 /* Build configuration list for PBXProject "findPSFit" */;
			compatibilityVersion = "Xcode 8.0";
			developmentRegion = en;
			hasScannedForEncodings = 0;
			knownRegions = (
				en,
				Base,
			);
			mainGroup = 81EF106D20859EC90060CD48;
			productRefGroup = 81EF107720859EC90060CD48 /* Products */;
			projectDirPath = "";
			projectRoot = "";
			targets = (
				81EF107520859EC90060CD48 /* findPSFit */,
				81EF108920859EC90060CD48 /* findPSFitTests */,
				81EF109420859EC90060CD48 /* findPSFitUITests */,
			);
		};
/* End PBXProject section */

/* Begin PBXResourcesBuildPhase section */
		81EF107420859EC90060CD48 /* Resources */ = {
			isa = PBXResourcesBuildPhase;
			buildActionMask = 2147483647;
			files = (
				81EF108420859EC90060CD48 /* LaunchScreen.storyboard in Resources */,
				81EF108120859EC90060CD48 /* Assets.xcassets in Resources */,
				81EF107F20859EC90060CD48 /* Main.storyboard in Resources */,
			);
			runOnlyForDeploymentPostprocessing = 0;
		};
		81EF108820859EC90060CD48 /* Resources */ = {
			isa = PBXResourcesBuildPhase;
			buildActionMask = 2147483647;
			files = (
			);
			runOnlyForDeploymentPostprocessing = 0;
		};
		81EF109320859EC90060CD48 /* Resources */ = {
			isa = PBXResourcesBuildPhase;
			buildActionMask = 2147483647;
			files = (
			);
			runOnlyForDeploymentPostprocessing = 0;
		};
/* End PBXResourcesBuildPhase section */

/* Begin PBXSourcesBuildPhase section */
		81EF107220859EC90060CD48 /* Sources */ = {
			isa = PBXSourcesBuildPhase;
			buildActionMask = 2147483647;
			files = (
				81EF10AA2085B6640060CD48 /* PageThreeViewController.swift in Sources */,
				81EF10BE2085DE3A0060CD48 /* PageElevenViewController.swift in Sources */,
				81EF10C12085E1920060CD48 /* PageTwelveViewController.swift in Sources */,
				81EF10BC2085DCA50060CD48 /* PageTenViewController.swift in Sources */,
				81EF10B42085CE7F0060CD48 /* PageSevenViewController.swift in Sources */,
				81EF10AE2085BD960060CD48 /* ClubCell.swift in Sources */,
				81EF107C20859EC90060CD48 /* PageOneViewController.swift in Sources */,
				81EF107A20859EC90060CD48 /* AppDelegate.swift in Sources */,
				81EF10B62085D2360060CD48 /* StudentCell.swift in Sources */,
				81EF10A82085A81A0060CD48 /* PageTwoViewController.swift in Sources */,
				81EF10AC2085B8F10060CD48 /* PageFourViewController.swift in Sources */,
				81EF10B22085CBCB0060CD48 /* PageSixViewController.swift in Sources */,
				81EF10B02085C80A0060CD48 /* PageFiveViewController.swift in Sources */,
				81EF10BA2085DA2A0060CD48 /* PageEightViewController.swift in Sources */,
			);
			runOnlyForDeploymentPostprocessing = 0;
		};
		81EF108620859EC90060CD48 /* Sources */ = {
			isa = PBXSourcesBuildPhase;
			buildActionMask = 2147483647;
			files = (
				81EF108F20859EC90060CD48 /* findPSFitTests.swift in Sources */,
			);
			runOnlyForDeploymentPostprocessing = 0;
		};
		81EF109120859EC90060CD48 /* Sources */ = {
			isa = PBXSourcesBuildPhase;
			buildActionMask = 2147483647;
			files = (
				81EF109A20859EC90060CD48 /* findPSFitUITests.swift in Sources */,
			);
			runOnlyForDeploymentPostprocessing = 0;
		};
/* End PBXSourcesBuildPhase section */

/* Begin PBXTargetDependency section */
		81EF108C20859EC90060CD48 /* PBXTargetDependency */ = {
			isa = PBXTargetDependency;
			target = 81EF107520859EC90060CD48 /* findPSFit */;
			targetProxy = 81EF108B20859EC90060CD48 /* PBXContainerItemProxy */;
		};
		81EF109720859EC90060CD48 /* PBXTargetDependency */ = {
			isa = PBXTargetDependency;
			target = 81EF107520859EC90060CD48 /* findPSFit */;
			targetProxy = 81EF109620859EC90060CD48 /* PBXContainerItemProxy */;
		};
/* End PBXTargetDependency section */

/* Begin PBXVariantGroup section */
		81EF107D20859EC90060CD48 /* Main.storyboard */ = {
			isa = PBXVariantGroup;
			children = (
				81EF107E20859EC90060CD48 /* Base */,
			);
			name = Main.storyboard;
			sourceTree = "<group>";
		};
		81EF108220859EC90060CD48 /* LaunchScreen.storyboard */ = {
			isa = PBXVariantGroup;
			children = (
				81EF108320859EC90060CD48 /* Base */,
			);
			name = LaunchScreen.storyboard;
			sourceTree = "<group>";
		};
/* End PBXVariantGroup section */

/* Begin XCBuildConfiguration section */
		81EF109C20859EC90060CD48 /* Debug */ = {
			isa = XCBuildConfiguration;
			buildSettings = {
				ALWAYS_SEARCH_USER_PATHS = NO;
				CLANG_ANALYZER_NONNULL = YES;
				CLANG_ANALYZER_NUMBER_OBJECT_CONVERSION = YES_AGGRESSIVE;
				CLANG_CXX_LANGUAGE_STANDARD = "gnu++14";
				CLANG_CXX_LIBRARY = "libc++";
				CLANG_ENABLE_MODULES = YES;
				CLANG_ENABLE_OBJC_ARC = YES;
				CLANG_WARN_BLOCK_CAPTURE_AUTORELEASING = YES;
				CLANG_WARN_BOOL_CONVERSION = YES;
				CLANG_WARN_COMMA = YES;
				CLANG_WARN_CONSTANT_CONVERSION = YES;
				CLANG_WARN_DIRECT_OBJC_ISA_USAGE = YES_ERROR;
				CLANG_WARN_DOCUMENTATION_COMMENTS = YES;
				CLANG_WARN_EMPTY_BODY = YES;
				CLANG_WARN_ENUM_CONVERSION = YES;
				CLANG_WARN_INFINITE_RECURSION = YES;
				CLANG_WARN_INT_CONVERSION = YES;
				CLANG_WARN_NON_LITERAL_NULL_CONVERSION = YES;
				CLANG_WARN_OBJC_LITERAL_CONVERSION = YES;
				CLANG_WARN_OBJC_ROOT_CLASS = YES_ERROR;
				CLANG_WARN_RANGE_LOOP_ANALYSIS = YES;
				CLANG_WARN_STRICT_PROTOTYPES = YES;
				CLANG_WARN_SUSPICIOUS_MOVE = YES;
				CLANG_WARN_UNGUARDED_AVAILABILITY = YES_AGGRESSIVE;
				CLANG_WARN_UNREACHABLE_CODE = YES;
				CLANG_WARN__DUPLICATE_METHOD_MATCH = YES;
				CODE_SIGN_IDENTITY = "iPhone Developer";
				COPY_PHASE_STRIP = NO;
				DEBUG_INFORMATION_FORMAT = dwarf;
				ENABLE_STRICT_OBJC_MSGSEND = YES;
				ENABLE_TESTABILITY = YES;
				GCC_C_LANGUAGE_STANDARD = gnu11;
				GCC_DYNAMIC_NO_PIC = NO;
				GCC_NO_COMMON_BLOCKS = YES;
				GCC_OPTIMIZATION_LEVEL = 0;
				GCC_PREPROCESSOR_DEFINITIONS = (
					"DEBUG=1",
					"$(inherited)",
				);
				GCC_WARN_64_TO_32_BIT_CONVERSION = YES;
				GCC_WARN_ABOUT_RETURN_TYPE = YES_ERROR;
				GCC_WARN_UNDECLARED_SELECTOR = YES;
				GCC_WARN_UNINITIALIZED_AUTOS = YES_AGGRESSIVE;
				GCC_WARN_UNUSED_FUNCTION = YES;
				GCC_WARN_UNUSED_VARIABLE = YES;
				IPHONEOS_DEPLOYMENT_TARGET = 11.2;
				MTL_ENABLE_DEBUG_INFO = YES;
				ONLY_ACTIVE_ARCH = YES;
				SDKROOT = iphoneos;
				SWIFT_ACTIVE_COMPILATION_CONDITIONS = DEBUG;
				SWIFT_OPTIMIZATION_LEVEL = "-Onone";
			};
			name = Debug;
		};
		81EF109D20859EC90060CD48 /* Release */ = {
			isa = XCBuildConfiguration;
			buildSettings = {
				ALWAYS_SEARCH_USER_PATHS = NO;
				CLANG_ANALYZER_NONNULL = YES;
				CLANG_ANALYZER_NUMBER_OBJECT_CONVERSION = YES_AGGRESSIVE;
				CLANG_CXX_LANGUAGE_STANDARD = "gnu++14";
				CLANG_CXX_LIBRARY = "libc++";
				CLANG_ENABLE_MODULES = YES;
				CLANG_ENABLE_OBJC_ARC = YES;
				CLANG_WARN_BLOCK_CAPTURE_AUTORELEASING = YES;
				CLANG_WARN_BOOL_CONVERSION = YES;
				CLANG_WARN_COMMA = YES;
				CLANG_WARN_CONSTANT_CONVERSION = YES;
				CLANG_WARN_DIRECT_OBJC_ISA_USAGE = YES_ERROR;
				CLANG_WARN_DOCUMENTATION_COMMENTS = YES;
				CLANG_WARN_EMPTY_BODY = YES;
				CLANG_WARN_ENUM_CONVERSION = YES;
				CLANG_WARN_INFINITE_RECURSION = YES;
				CLANG_WARN_INT_CONVERSION = YES;
				CLANG_WARN_NON_LITERAL_NULL_CONVERSION = YES;
				CLANG_WARN_OBJC_LITERAL_CONVERSION = YES;
				CLANG_WARN_OBJC_ROOT_CLASS = YES_ERROR;
				CLANG_WARN_RANGE_LOOP_ANALYSIS = YES;
				CLANG_WARN_STRICT_PROTOTYPES = YES;
				CLANG_WARN_SUSPICIOUS_MOVE = YES;
				CLANG_WARN_UNGUARDED_AVAILABILITY = YES_AGGRESSIVE;
				CLANG_WARN_UNREACHABLE_CODE = YES;
				CLANG_WARN__DUPLICATE_METHOD_MATCH = YES;
				CODE_SIGN_IDENTITY = "iPhone Developer";
				COPY_PHASE_STRIP = NO;
				DEBUG_INFORMATION_FORMAT = "dwarf-with-dsym";
				ENABLE_NS_ASSERTIONS = NO;
				ENABLE_STRICT_OBJC_MSGSEND = YES;
				GCC_C_LANGUAGE_STANDARD = gnu11;
				GCC_NO_COMMON_BLOCKS = YES;
				GCC_WARN_64_TO_32_BIT_CONVERSION = YES;
				GCC_WARN_ABOUT_RETURN_TYPE = YES_ERROR;
				GCC_WARN_UNDECLARED_SELECTOR = YES;
				GCC_WARN_UNINITIALIZED_AUTOS = YES_AGGRESSIVE;
				GCC_WARN_UNUSED_FUNCTION = YES;
				GCC_WARN_UNUSED_VARIABLE = YES;
				IPHONEOS_DEPLOYMENT_TARGET = 11.2;
				MTL_ENABLE_DEBUG_INFO = NO;
				SDKROOT = iphoneos;
				SWIFT_OPTIMIZATION_LEVEL = "-Owholemodule";
				VALIDATE_PRODUCT = YES;
			};
			name = Release;
		};
		81EF109F20859EC90060CD48 /* Debug */ = {
			isa = XCBuildConfiguration;
			buildSettings = {
				ASSETCATALOG_COMPILER_APPICON_NAME = AppIcon;
				CODE_SIGN_STYLE = Automatic;
				INFOPLIST_FILE = findPSFit/Info.plist;
				LD_RUNPATH_SEARCH_PATHS = "$(inherited) @executable_path/Frameworks";
				PRODUCT_BUNDLE_IDENTIFIER = nyc.c4q.nyc.findPSFit;
				PRODUCT_NAME = "$(TARGET_NAME)";
				SWIFT_VERSION = 4.0;
				TARGETED_DEVICE_FAMILY = "1,2";
			};
			name = Debug;
		};
		81EF10A020859EC90060CD48 /* Release */ = {
			isa = XCBuildConfiguration;
			buildSettings = {
				ASSETCATALOG_COMPILER_APPICON_NAME = AppIcon;
				CODE_SIGN_STYLE = Automatic;
				INFOPLIST_FILE = findPSFit/Info.plist;
				LD_RUNPATH_SEARCH_PATHS = "$(inherited) @executable_path/Frameworks";
				PRODUCT_BUNDLE_IDENTIFIER = nyc.c4q.nyc.findPSFit;
				PRODUCT_NAME = "$(TARGET_NAME)";
				SWIFT_VERSION = 4.0;
				TARGETED_DEVICE_FAMILY = "1,2";
			};
			name = Release;
		};
		81EF10A220859EC90060CD48 /* Debug */ = {
			isa = XCBuildConfiguration;
			buildSettings = {
				ALWAYS_EMBED_SWIFT_STANDARD_LIBRARIES = YES;
				BUNDLE_LOADER = "$(TEST_HOST)";
				CODE_SIGN_STYLE = Automatic;
				INFOPLIST_FILE = findPSFitTests/Info.plist;
				LD_RUNPATH_SEARCH_PATHS = "$(inherited) @executable_path/Frameworks @loader_path/Frameworks";
				PRODUCT_BUNDLE_IDENTIFIER = nyc.c4q.nyc.findPSFitTests;
				PRODUCT_NAME = "$(TARGET_NAME)";
				SWIFT_VERSION = 4.0;
				TARGETED_DEVICE_FAMILY = "1,2";
				TEST_HOST = "$(BUILT_PRODUCTS_DIR)/findPSFit.app/findPSFit";
			};
			name = Debug;
		};
		81EF10A320859EC90060CD48 /* Release */ = {
			isa = XCBuildConfiguration;
			buildSettings = {
				ALWAYS_EMBED_SWIFT_STANDARD_LIBRARIES = YES;
				BUNDLE_LOADER = "$(TEST_HOST)";
				CODE_SIGN_STYLE = Automatic;
				INFOPLIST_FILE = findPSFitTests/Info.plist;
				LD_RUNPATH_SEARCH_PATHS = "$(inherited) @executable_path/Frameworks @loader_path/Frameworks";
				PRODUCT_BUNDLE_IDENTIFIER = nyc.c4q.nyc.findPSFitTests;
				PRODUCT_NAME = "$(TARGET_NAME)";
				SWIFT_VERSION = 4.0;
				TARGETED_DEVICE_FAMILY = "1,2";
				TEST_HOST = "$(BUILT_PRODUCTS_DIR)/findPSFit.app/findPSFit";
			};
			name = Release;
		};
		81EF10A520859EC90060CD48 /* Debug */ = {
			isa = XCBuildConfiguration;
			buildSettings = {
				ALWAYS_EMBED_SWIFT_STANDARD_LIBRARIES = YES;
				CODE_SIGN_STYLE = Automatic;
				INFOPLIST_FILE = findPSFitUITests/Info.plist;
				LD_RUNPATH_SEARCH_PATHS = "$(inherited) @executable_path/Frameworks @loader_path/Frameworks";
				PRODUCT_BUNDLE_IDENTIFIER = nyc.c4q.nyc.findPSFitUITests;
				PRODUCT_NAME = "$(TARGET_NAME)";
				SWIFT_VERSION = 4.0;
				TARGETED_DEVICE_FAMILY = "1,2";
				TEST_TARGET_NAME = findPSFit;
			};
			name = Debug;
		};
		81EF10A620859EC90060CD48 /* Release */ = {
			isa = XCBuildConfiguration;
			buildSettings = {
				ALWAYS_EMBED_SWIFT_STANDARD_LIBRARIES = YES;
				CODE_SIGN_STYLE = Automatic;
				INFOPLIST_FILE = findPSFitUITests/Info.plist;
				LD_RUNPATH_SEARCH_PATHS = "$(inherited) @executable_path/Frameworks @loader_path/Frameworks";
				PRODUCT_BUNDLE_IDENTIFIER = nyc.c4q.nyc.findPSFitUITests;
				PRODUCT_NAME = "$(TARGET_NAME)";
				SWIFT_VERSION = 4.0;
				TARGETED_DEVICE_FAMILY = "1,2";
				TEST_TARGET_NAME = findPSFit;
			};
			name = Release;
		};
/* End XCBuildConfiguration section */

/* Begin XCConfigurationList section */
		81EF107120859EC90060CD48 /* Build configuration list for PBXProject "findPSFit" */ = {
			isa = XCConfigurationList;
			buildConfigurations = (
				81EF109C20859EC90060CD48 /* Debug */,
				81EF109D20859EC90060CD48 /* Release */,
			);
			defaultConfigurationIsVisible = 0;
			defaultConfigurationName = Release;
		};
		81EF109E20859EC90060CD48 /* Build configuration list for PBXNativeTarget "findPSFit" */ = {
			isa = XCConfigurationList;
			buildConfigurations = (
				81EF109F20859EC90060CD48 /* Debug */,
				81EF10A020859EC90060CD48 /* Release */,
			);
			defaultConfigurationIsVisible = 0;
			defaultConfigurationName = Release;
		};
		81EF10A120859EC90060CD48 /* Build configuration list for PBXNativeTarget "findPSFitTests" */ = {
			isa = XCConfigurationList;
			buildConfigurations = (
				81EF10A220859EC90060CD48 /* Debug */,
				81EF10A320859EC90060CD48 /* Release */,
			);
			defaultConfigurationIsVisible = 0;
			defaultConfigurationName = Release;
		};
		81EF10A420859EC90060CD48 /* Build configuration list for PBXNativeTarget "findPSFitUITests" */ = {
			isa = XCConfigurationList;
			buildConfigurations = (
				81EF10A520859EC90060CD48 /* Debug */,
				81EF10A620859EC90060CD48 /* Release */,
			);
			defaultConfigurationIsVisible = 0;
			defaultConfigurationName = Release;
		};
/* End XCConfigurationList section */
	};
	rootObject = 81EF106E20859EC90060CD48 /* Project object */;
}
